{
    "_readme": [
        "This file locks the dependencies of your project to a known state",
        "Read more about it at https://getcomposer.org/doc/01-basic-usage.md#installing-dependencies",
        "This file is @generated automatically"
    ],
    "content-hash": "453dadcc501b8fd8350f33e209a0a215",
    "packages": [
        {
            "name": "jasonweicn/miniframework",
            "version": "2.8.5",
            "source": {
                "type": "git",
                "url": "https://github.com/jasonweicn/miniframework-core.git",
                "reference": "eb1cef37096484be6d038dae2f332b843443a52f"
            },
            "dist": {
                "type": "zip",
                "url": "https://api.github.com/repos/jasonweicn/miniframework-core/zipball/eb1cef37096484be6d038dae2f332b843443a52f",
                "reference": "eb1cef37096484be6d038dae2f332b843443a52f",
                "shasum": "",
                "mirrors": [
                    {
                        "url": "https://mirrors.aliyun.com/composer/dists/%package%/%reference%.%type%",
                        "preferred": true
                    }
                ]
            },
            "require": {
                "php": ">=7.2.0"
            },
            "type": "library",
            "autoload": {
                "psr-4": {
                    "Mini\\": ""
                }
            },
            "notification-url": "https://packagist.org/downloads/",
            "license": [
                "Apache-2.0"
            ],
            "authors": [
                {
                    "name": "Jason Wei",
                    "email": "jasonwei06@hotmail.com"
                }
            ],
            "description": "Mini PHP Framework",
            "support": {
                "issues": "https://github.com/jasonweicn/miniframework-core/issues",
                "source": "https://github.com/jasonweicn/miniframework-core/tree/2.8.5"
            },
            "time": "2022-07-29T03:01:23+00:00"
        }
    ],
    "packages-dev": [],
    "aliases": [],
    "minimum-stability": "dev",
    "stability-flags": [],
    "prefer-stable": false,
    "prefer-lowest": false,
    "platform": {
        "php": ">=7.2.0"
    },
    "platform-dev": [],
    "plugin-api-version": "2.3.0"
}
