{
    "_readme": [
        "This file locks the dependencies of your project to a known state",
        "Read more about it at https://getcomposer.org/doc/01-basic-usage.md#installing-dependencies",
        "This file is @generated automatically"
    ],
    "content-hash": "453dadcc501b8fd8350f33e209a0a215",
    "packages": [
        {
            "name": "jasonweicn/miniframework",
            "version": "2.4.0",
            "source": {
                "type": "git",
                "url": "https://github.com/jasonweicn/miniframework-core.git",
                "reference": "5ba2fad6b6be84aa5b2bb8aa2548af63d6465be0"
            },
            "dist": {
                "type": "zip",
                "url": "https://api.github.com/repos/jasonweicn/miniframework-core/zipball/5ba2fad6b6be84aa5b2bb8aa2548af63d6465be0",
                "reference": "5ba2fad6b6be84aa5b2bb8aa2548af63d6465be0",
                "shasum": ""
            },
            "require": {
                "php": ">=7.2.0"
            },
            "type": "library",
            "autoload": {
                "psr-4": {
                    "Mini\\": ""
                }
            },
            "notification-url": "https://packagist.org/downloads/",
            "license": [
                "Apache-2.0"
            ],
            "authors": [
                {
                    "name": "Jason Wei",
                    "email": "jasonwei06@hotmail.com"
                }
            ],
            "description": "Mini PHP Framework",
            "time": "2020-07-11T03:51:23+00:00"
        }
    ],
    "packages-dev": [],
    "aliases": [],
    "minimum-stability": "dev",
    "stability-flags": [],
    "prefer-stable": false,
    "prefer-lowest": false,
    "platform": {
        "php": ">=7.2.0"
    },
    "platform-dev": []
}
